<?xml version="1.0" encoding="utf-8"?>
<Project ToolsVersion="4.0" xmlns="http://schemas.microsoft.com/developer/msbuild/2003">
  <ItemGroup>
    <Filter Include="源文件">
      <UniqueIdentifier>{4FC737F1-C7A5-4376-A066-2A32D752A2FF}</UniqueIdentifier>
      <Extensions>cpp;c;cc;cxx;c++;def;odl;idl;hpj;bat;asm;asmx</Extensions>
    </Filter>
    <Filter Include="头文件">
      <UniqueIdentifier>{93995380-89BD-4b04-88EB-625FBE52EBFB}</UniqueIdentifier>
      <Extensions>h;hh;hpp;hxx;h++;hm;inl;inc;ipp;xsd</Extensions>
    </Filter>
    <Filter Include="资源文件">
      <UniqueIdentifier>{67DA6AB6-F800-4c08-8B7A-83BB121AAD01}</UniqueIdentifier>
      <Extensions>rc;ico;cur;bmp;dlg;rc2;rct;bin;rgs;gif;jpg;jpeg;jpe;resx;tiff;tif;png;wav;mfcribbon-ms</Extensions>
    </Filter>
    <Filter Include="源文件\EngineFiles">
      <UniqueIdentifier>{fde49b7e-8582-45b7-9fb3-3bea73ba11cc}</UniqueIdentifier>
    </Filter>
    <Filter Include="头文件\EngineFiles">
      <UniqueIdentifier>{d86fdd15-b897-444e-b707-05f63995359b}</UniqueIdentifier>
    </Filter>
  </ItemGroup>
  <ItemGroup>
    <ClInclude Include="DATA.h">
      <Filter>头文件\EngineFiles</Filter>
    </ClInclude>
    <ClInclude Include="DIRECTOR.h">
      <Filter>头文件\EngineFiles</Filter>
    </ClInclude>
    <ClInclude Include="NODE.h">
      <Filter>头文件\EngineFiles</Filter>
    </ClInclude>
    <ClInclude Include="SCENE.h">
      <Filter>头文件\EngineFiles</Filter>
    </ClInclude>
    <ClInclude Include="resource.h">
      <Filter>头文件\EngineFiles</Filter>
    </ClInclude>
    <ClInclude Include="SOUND.h">
      <Filter>头文件\EngineFiles</Filter>
    </ClInclude>
  </ItemGroup>
  <ItemGroup>
    <ClCompile Include="DATA.cpp">
      <Filter>源文件\EngineFiles</Filter>
    </ClCompile>
    <ClCompile Include="DIRECTOR.cpp">
      <Filter>源文件\EngineFiles</Filter>
    </ClCompile>
    <ClCompile Include="NODE.cpp">
      <Filter>源文件\EngineFiles</Filter>
    </ClCompile>
    <ClCompile Include="SCENE.cpp">
      <Filter>源文件\EngineFiles</Filter>
    </ClCompile>
    <ClCompile Include="SOUND.cpp">
      <Filter>源文件\EngineFiles</Filter>
    </ClCompile>
  </ItemGroup>
  <ItemGroup>
    <ResourceCompile Include="CannonFodderBeta.rc">
      <Filter>资源文件</Filter>
    </ResourceCompile>
  </ItemGroup>
</Project>